{
  "name": "leksysutility",
  "version": "1.0.0",
  "lockfileVersion": 3,
  "requires": true,
  "packages": {
    "": {
      "name": "leksysutility",
      "version": "1.0.0",
      "license": "MIT",
      "dependencies": {
        "leksysdata": "^1.0.0"
      }
    },
    "node_modules/leksysdata": {
      "version": "1.0.0",
      "resolved": "https://registry.npmjs.org/leksysdata/-/leksysdata-1.0.0.tgz",
      "integrity": "sha512-uBAOBOfUvUe9sajcV2E9Ta3pI/rNzlzJfaf8p2mtuhcpfcdkGU1h1NsRkJSSpPvbAhPOndt9H/mmO0RW9oNipQ=="
    }
  }
}
